
Microsoft Visual Studio Solution File, Format Version 12.00
# Visual Studio Version 17
VisualStudioVersion = 17.6.33829.357
MinimumVisualStudioVersion = 10.0.40219.1
Project("{FAE04EC0-301F-11D3-BF4B-00C04F79EFBC}") = "1_ReadText", "1_ReadText\1_ReadText.csproj", "{AE461075-7844-4DF9-ADE5-6C77A8D169F0}"
EndProject
Project("{FAE04EC0-301F-11D3-BF4B-00C04F79EFBC}") = "2_Password", "2_Password\2_Password.csproj", "{D07BA008-F862-4C2C-B8E9-A055F0A26802}"
EndProject
Global
	GlobalSection(SolutionConfigurationPlatforms) = preSolution
		Debug|Any CPU = Debug|Any CPU
		Release|Any CPU = Release|Any CPU
	EndGlobalSection
	GlobalSection(ProjectConfigurationPlatforms) = postSolution
		{AE461075-7844-4DF9-ADE5-6C77A8D169F0}.Debug|Any CPU.ActiveCfg = Debug|Any CPU
		{AE461075-7844-4DF9-ADE5-6C77A8D169F0}.Debug|Any CPU.Build.0 = Debug|Any CPU
		{AE461075-7844-4DF9-ADE5-6C77A8D169F0}.Release|Any CPU.ActiveCfg = Release|Any CPU
		{AE461075-7844-4DF9-ADE5-6C77A8D169F0}.Release|Any CPU.Build.0 = Release|Any CPU
		{D07BA008-F862-4C2C-B8E9-A055F0A26802}.Debug|Any CPU.ActiveCfg = Debug|Any CPU
		{D07BA008-F862-4C2C-B8E9-A055F0A26802}.Debug|Any CPU.Build.0 = Debug|Any CPU
		{D07BA008-F862-4C2C-B8E9-A055F0A26802}.Release|Any CPU.ActiveCfg = Release|Any CPU
		{D07BA008-F862-4C2C-B8E9-A055F0A26802}.Release|Any CPU.Build.0 = Release|Any CPU
	EndGlobalSection
	GlobalSection(SolutionProperties) = preSolution
		HideSolutionNode = FALSE
	EndGlobalSection
	GlobalSection(ExtensibilityGlobals) = postSolution
		SolutionGuid = {24D2AB7B-303B-4646-A9E0-99B72D047374}
	EndGlobalSection
EndGlobal
