
Microsoft Visual Studio Solution File, Format Version 12.00
# Visual Studio Version 17
VisualStudioVersion = 17.6.33829.357
MinimumVisualStudioVersion = 10.0.40219.1
Project("{FAE04EC0-301F-11D3-BF4B-00C04F79EFBC}") = "1_ReadText", "1_ReadText\1_ReadText.csproj", "{AE461075-7844-4DF9-ADE5-6C77A8D169F0}"
EndProject
Project("{FAE04EC0-301F-11D3-BF4B-00C04F79EFBC}") = "2_Password", "2_Password\2_Password.csproj", "{D07BA008-F862-4C2C-B8E9-A055F0A26802}"
EndProject
Project("{FAE04EC0-301F-11D3-BF4B-00C04F79EFBC}") = "3_SumNum", "3_SumNum\3_SumNum.csproj", "{2BD9DDAE-8554-4404-B210-15AC17053D59}"
EndProject
Project("{FAE04EC0-301F-11D3-BF4B-00C04F79EFBC}") = "4_Sequence_K", "4_Sequence_K\4_Sequence_K.csproj", "{9BD10C49-EA2A-4045-AA51-189BB6E3EAE9}"
EndProject
Project("{FAE04EC0-301F-11D3-BF4B-00C04F79EFBC}") = "5_AccBalance", "5_AccBalance\5_AccBalance.csproj", "{5F2CFBDF-C5F8-4263-94B8-38B1DB2353F0}"
EndProject
Global
	GlobalSection(SolutionConfigurationPlatforms) = preSolution
		Debug|Any CPU = Debug|Any CPU
		Release|Any CPU = Release|Any CPU
	EndGlobalSection
	GlobalSection(ProjectConfigurationPlatforms) = postSolution
		{AE461075-7844-4DF9-ADE5-6C77A8D169F0}.Debug|Any CPU.ActiveCfg = Debug|Any CPU
		{AE461075-7844-4DF9-ADE5-6C77A8D169F0}.Debug|Any CPU.Build.0 = Debug|Any CPU
		{AE461075-7844-4DF9-ADE5-6C77A8D169F0}.Release|Any CPU.ActiveCfg = Release|Any CPU
		{AE461075-7844-4DF9-ADE5-6C77A8D169F0}.Release|Any CPU.Build.0 = Release|Any CPU
		{D07BA008-F862-4C2C-B8E9-A055F0A26802}.Debug|Any CPU.ActiveCfg = Debug|Any CPU
		{D07BA008-F862-4C2C-B8E9-A055F0A26802}.Debug|Any CPU.Build.0 = Debug|Any CPU
		{D07BA008-F862-4C2C-B8E9-A055F0A26802}.Release|Any CPU.ActiveCfg = Release|Any CPU
		{D07BA008-F862-4C2C-B8E9-A055F0A26802}.Release|Any CPU.Build.0 = Release|Any CPU
		{2BD9DDAE-8554-4404-B210-15AC17053D59}.Debug|Any CPU.ActiveCfg = Debug|Any CPU
		{2BD9DDAE-8554-4404-B210-15AC17053D59}.Debug|Any CPU.Build.0 = Debug|Any CPU
		{2BD9DDAE-8554-4404-B210-15AC17053D59}.Release|Any CPU.ActiveCfg = Release|Any CPU
		{2BD9DDAE-8554-4404-B210-15AC17053D59}.Release|Any CPU.Build.0 = Release|Any CPU
		{9BD10C49-EA2A-4045-AA51-189BB6E3EAE9}.Debug|Any CPU.ActiveCfg = Debug|Any CPU
		{9BD10C49-EA2A-4045-AA51-189BB6E3EAE9}.Debug|Any CPU.Build.0 = Debug|Any CPU
		{9BD10C49-EA2A-4045-AA51-189BB6E3EAE9}.Release|Any CPU.ActiveCfg = Release|Any CPU
		{9BD10C49-EA2A-4045-AA51-189BB6E3EAE9}.Release|Any CPU.Build.0 = Release|Any CPU
		{5F2CFBDF-C5F8-4263-94B8-38B1DB2353F0}.Debug|Any CPU.ActiveCfg = Debug|Any CPU
		{5F2CFBDF-C5F8-4263-94B8-38B1DB2353F0}.Debug|Any CPU.Build.0 = Debug|Any CPU
		{5F2CFBDF-C5F8-4263-94B8-38B1DB2353F0}.Release|Any CPU.ActiveCfg = Release|Any CPU
		{5F2CFBDF-C5F8-4263-94B8-38B1DB2353F0}.Release|Any CPU.Build.0 = Release|Any CPU
	EndGlobalSection
	GlobalSection(SolutionProperties) = preSolution
		HideSolutionNode = FALSE
	EndGlobalSection
	GlobalSection(ExtensibilityGlobals) = postSolution
		SolutionGuid = {24D2AB7B-303B-4646-A9E0-99B72D047374}
	EndGlobalSection
EndGlobal
